
Microsoft Visual Studio Solution File, Format Version 12.00
# Visual Studio 15
VisualStudioVersion = 15.0.26124.0
MinimumVisualStudioVersion = 15.0.26124.0
Project("{2150E333-8FDC-42A3-9474-1A3956D46DE8}") = "backend", "backend", "{830BD968-60AF-433C-BB12-7538CC41D7FD}"
EndProject
Project("{FAE04EC0-301F-11D3-BF4B-00C04F79EFBC}") = "TXS.bugetalibro.Domain", "backend\TXS.bugetalibro.Domain\TXS.bugetalibro.Domain.csproj", "{6D545B59-74BA-4454-A779-DC184F6E0805}"
EndProject
Project("{FAE04EC0-301F-11D3-BF4B-00C04F79EFBC}") = "TXS.bugetalibro.UnitTests", "backend\TXS.bugetalibro.UnitTests\TXS.bugetalibro.UnitTests.csproj", "{D2168AD8-C737-4BF8-9919-9D2EFED6D156}"
EndProject
Global
	GlobalSection(SolutionConfigurationPlatforms) = preSolution
		Debug|Any CPU = Debug|Any CPU
		Debug|x64 = Debug|x64
		Debug|x86 = Debug|x86
		Release|Any CPU = Release|Any CPU
		Release|x64 = Release|x64
		Release|x86 = Release|x86
	EndGlobalSection
	GlobalSection(SolutionProperties) = preSolution
		HideSolutionNode = FALSE
	EndGlobalSection
	GlobalSection(ProjectConfigurationPlatforms) = postSolution
		{6D545B59-74BA-4454-A779-DC184F6E0805}.Debug|Any CPU.ActiveCfg = Debug|Any CPU
		{6D545B59-74BA-4454-A779-DC184F6E0805}.Debug|Any CPU.Build.0 = Debug|Any CPU
		{6D545B59-74BA-4454-A779-DC184F6E0805}.Debug|x64.ActiveCfg = Debug|Any CPU
		{6D545B59-74BA-4454-A779-DC184F6E0805}.Debug|x64.Build.0 = Debug|Any CPU
		{6D545B59-74BA-4454-A779-DC184F6E0805}.Debug|x86.ActiveCfg = Debug|Any CPU
		{6D545B59-74BA-4454-A779-DC184F6E0805}.Debug|x86.Build.0 = Debug|Any CPU
		{6D545B59-74BA-4454-A779-DC184F6E0805}.Release|Any CPU.ActiveCfg = Release|Any CPU
		{6D545B59-74BA-4454-A779-DC184F6E0805}.Release|Any CPU.Build.0 = Release|Any CPU
		{6D545B59-74BA-4454-A779-DC184F6E0805}.Release|x64.ActiveCfg = Release|Any CPU
		{6D545B59-74BA-4454-A779-DC184F6E0805}.Release|x64.Build.0 = Release|Any CPU
		{6D545B59-74BA-4454-A779-DC184F6E0805}.Release|x86.ActiveCfg = Release|Any CPU
		{6D545B59-74BA-4454-A779-DC184F6E0805}.Release|x86.Build.0 = Release|Any CPU
		{D2168AD8-C737-4BF8-9919-9D2EFED6D156}.Debug|Any CPU.ActiveCfg = Debug|Any CPU
		{D2168AD8-C737-4BF8-9919-9D2EFED6D156}.Debug|Any CPU.Build.0 = Debug|Any CPU
		{D2168AD8-C737-4BF8-9919-9D2EFED6D156}.Debug|x64.ActiveCfg = Debug|Any CPU
		{D2168AD8-C737-4BF8-9919-9D2EFED6D156}.Debug|x64.Build.0 = Debug|Any CPU
		{D2168AD8-C737-4BF8-9919-9D2EFED6D156}.Debug|x86.ActiveCfg = Debug|Any CPU
		{D2168AD8-C737-4BF8-9919-9D2EFED6D156}.Debug|x86.Build.0 = Debug|Any CPU
		{D2168AD8-C737-4BF8-9919-9D2EFED6D156}.Release|Any CPU.ActiveCfg = Release|Any CPU
		{D2168AD8-C737-4BF8-9919-9D2EFED6D156}.Release|Any CPU.Build.0 = Release|Any CPU
		{D2168AD8-C737-4BF8-9919-9D2EFED6D156}.Release|x64.ActiveCfg = Release|Any CPU
		{D2168AD8-C737-4BF8-9919-9D2EFED6D156}.Release|x64.Build.0 = Release|Any CPU
		{D2168AD8-C737-4BF8-9919-9D2EFED6D156}.Release|x86.ActiveCfg = Release|Any CPU
		{D2168AD8-C737-4BF8-9919-9D2EFED6D156}.Release|x86.Build.0 = Release|Any CPU
	EndGlobalSection
	GlobalSection(NestedProjects) = preSolution
		{6D545B59-74BA-4454-A779-DC184F6E0805} = {830BD968-60AF-433C-BB12-7538CC41D7FD}
		{D2168AD8-C737-4BF8-9919-9D2EFED6D156} = {830BD968-60AF-433C-BB12-7538CC41D7FD}
	EndGlobalSection
EndGlobal
